
Microsoft Visual Studio Solution File, Format Version 12.00
# Visual Studio Version 17
VisualStudioVersion = 17.5.002.0
MinimumVisualStudioVersion = 10.0.40219.1
Project("{9A19103F-16F7-4668-BE54-9A1E7A4F7556}") = "C-Sharp", "C-Sharp.csproj", "{AE1D2010-899E-4368-A066-B0C7CA1177FA}"
EndProject
Global
	GlobalSection(SolutionConfigurationPlatforms) = preSolution
		Debug|Any CPU = Debug|Any CPU
		Release|Any CPU = Release|Any CPU
	EndGlobalSection
	GlobalSection(ProjectConfigurationPlatforms) = postSolution
		{AE1D2010-899E-4368-A066-B0C7CA1177FA}.Debug|Any CPU.ActiveCfg = Debug|Any CPU
		{AE1D2010-899E-4368-A066-B0C7CA1177FA}.Debug|Any CPU.Build.0 = Debug|Any CPU
		{AE1D2010-899E-4368-A066-B0C7CA1177FA}.Release|Any CPU.ActiveCfg = Release|Any CPU
		{AE1D2010-899E-4368-A066-B0C7CA1177FA}.Release|Any CPU.Build.0 = Release|Any CPU
	EndGlobalSection
	GlobalSection(SolutionProperties) = preSolution
		HideSolutionNode = FALSE
	EndGlobalSection
	GlobalSection(ExtensibilityGlobals) = postSolution
		SolutionGuid = {51C8068D-DDA3-4B04-846C-AC77520A02D6}
	EndGlobalSection
EndGlobal
