
Microsoft Visual Studio Solution File, Format Version 12.00
# Visual Studio Version 17
VisualStudioVersion = 17.9.34728.123
MinimumVisualStudioVersion = 10.0.40219.1
Project("{FAE04EC0-301F-11D3-BF4B-00C04F79EFBC}") = "RenaissanceAPI", "RenaissanceAPI.csproj", "{B781B565-DC37-4AB5-AD65-102028CBB927}"
EndProject
Global
	GlobalSection(SolutionConfigurationPlatforms) = preSolution
		Debug|Any CPU = Debug|Any CPU
		Release|Any CPU = Release|Any CPU
	EndGlobalSection
	GlobalSection(ProjectConfigurationPlatforms) = postSolution
		{B781B565-DC37-4AB5-AD65-102028CBB927}.Debug|Any CPU.ActiveCfg = Debug|Any CPU
		{B781B565-DC37-4AB5-AD65-102028CBB927}.Debug|Any CPU.Build.0 = Debug|Any CPU
		{B781B565-DC37-4AB5-AD65-102028CBB927}.Release|Any CPU.ActiveCfg = Release|Any CPU
		{B781B565-DC37-4AB5-AD65-102028CBB927}.Release|Any CPU.Build.0 = Release|Any CPU
	EndGlobalSection
	GlobalSection(SolutionProperties) = preSolution
		HideSolutionNode = FALSE
	EndGlobalSection
	GlobalSection(ExtensibilityGlobals) = postSolution
		SolutionGuid = {F478DBA5-EC4F-46BC-9B8B-AE21C019D529}
	EndGlobalSection
EndGlobal
